
Microsoft Visual Studio Solution File, Format Version 12.00
# Visual Studio Version 16
VisualStudioVersion = 16.0.31402.337
MinimumVisualStudioVersion = 10.0.40219.1
Project("{9A19103F-16F7-4668-BE54-9A1E7A4F7556}") = "DataStructureExample", "DataStructureExample\DataStructureExample.csproj", "{58222DB0-EB21-4B81-AF36-409D9349C1D8}"
EndProject
Project("{9A19103F-16F7-4668-BE54-9A1E7A4F7556}") = "Generic_Dictionary", "Non-Generice-Dictionary\Generic_Dictionary.csproj", "{A3EDAB35-63CF-4867-87FA-36C4BE4B6B27}"
EndProject
Project("{9A19103F-16F7-4668-BE54-9A1E7A4F7556}") = "Generic_List", "Non-Generic-List\Generic_List.csproj", "{4C733EFF-474E-49A4-91F5-C06241DEC211}"
EndProject
Project("{9A19103F-16F7-4668-BE54-9A1E7A4F7556}") = "Generic_Queue", "Non-Generic-Queue\Generic_Queue.csproj", "{81EAE3FD-495F-4052-ADE2-6AE94A01F448}"
EndProject
Project("{9A19103F-16F7-4668-BE54-9A1E7A4F7556}") = "Generic_Stack", "Generic_Task\Generic_Stack.csproj", "{A642E80E-AF05-4EDD-B822-1CBF8EC120A5}"
EndProject
Project("{9A19103F-16F7-4668-BE54-9A1E7A4F7556}") = "Generic_LinkedList", "Generic_LinkedList\Generic_LinkedList.csproj", "{897513C4-A661-41A1-AE5C-4EF35C485DFA}"
EndProject
Project("{FAE04EC0-301F-11D3-BF4B-00C04F79EFBC}") = "Generic_SortedList", "Generic_SortedList\Generic_SortedList.csproj", "{26342625-B208-4C8E-BE8E-D3E5DBD6244F}"
EndProject
Global
	GlobalSection(SolutionConfigurationPlatforms) = preSolution
		Debug|Any CPU = Debug|Any CPU
		Release|Any CPU = Release|Any CPU
	EndGlobalSection
	GlobalSection(ProjectConfigurationPlatforms) = postSolution
		{58222DB0-EB21-4B81-AF36-409D9349C1D8}.Debug|Any CPU.ActiveCfg = Debug|Any CPU
		{58222DB0-EB21-4B81-AF36-409D9349C1D8}.Debug|Any CPU.Build.0 = Debug|Any CPU
		{58222DB0-EB21-4B81-AF36-409D9349C1D8}.Release|Any CPU.ActiveCfg = Release|Any CPU
		{58222DB0-EB21-4B81-AF36-409D9349C1D8}.Release|Any CPU.Build.0 = Release|Any CPU
		{A3EDAB35-63CF-4867-87FA-36C4BE4B6B27}.Debug|Any CPU.ActiveCfg = Debug|Any CPU
		{A3EDAB35-63CF-4867-87FA-36C4BE4B6B27}.Debug|Any CPU.Build.0 = Debug|Any CPU
		{A3EDAB35-63CF-4867-87FA-36C4BE4B6B27}.Release|Any CPU.ActiveCfg = Release|Any CPU
		{A3EDAB35-63CF-4867-87FA-36C4BE4B6B27}.Release|Any CPU.Build.0 = Release|Any CPU
		{4C733EFF-474E-49A4-91F5-C06241DEC211}.Debug|Any CPU.ActiveCfg = Debug|Any CPU
		{4C733EFF-474E-49A4-91F5-C06241DEC211}.Debug|Any CPU.Build.0 = Debug|Any CPU
		{4C733EFF-474E-49A4-91F5-C06241DEC211}.Release|Any CPU.ActiveCfg = Release|Any CPU
		{4C733EFF-474E-49A4-91F5-C06241DEC211}.Release|Any CPU.Build.0 = Release|Any CPU
		{81EAE3FD-495F-4052-ADE2-6AE94A01F448}.Debug|Any CPU.ActiveCfg = Debug|Any CPU
		{81EAE3FD-495F-4052-ADE2-6AE94A01F448}.Debug|Any CPU.Build.0 = Debug|Any CPU
		{81EAE3FD-495F-4052-ADE2-6AE94A01F448}.Release|Any CPU.ActiveCfg = Release|Any CPU
		{81EAE3FD-495F-4052-ADE2-6AE94A01F448}.Release|Any CPU.Build.0 = Release|Any CPU
		{A642E80E-AF05-4EDD-B822-1CBF8EC120A5}.Debug|Any CPU.ActiveCfg = Debug|Any CPU
		{A642E80E-AF05-4EDD-B822-1CBF8EC120A5}.Debug|Any CPU.Build.0 = Debug|Any CPU
		{A642E80E-AF05-4EDD-B822-1CBF8EC120A5}.Release|Any CPU.ActiveCfg = Release|Any CPU
		{A642E80E-AF05-4EDD-B822-1CBF8EC120A5}.Release|Any CPU.Build.0 = Release|Any CPU
		{897513C4-A661-41A1-AE5C-4EF35C485DFA}.Debug|Any CPU.ActiveCfg = Debug|Any CPU
		{897513C4-A661-41A1-AE5C-4EF35C485DFA}.Debug|Any CPU.Build.0 = Debug|Any CPU
		{897513C4-A661-41A1-AE5C-4EF35C485DFA}.Release|Any CPU.ActiveCfg = Release|Any CPU
		{897513C4-A661-41A1-AE5C-4EF35C485DFA}.Release|Any CPU.Build.0 = Release|Any CPU
		{26342625-B208-4C8E-BE8E-D3E5DBD6244F}.Debug|Any CPU.ActiveCfg = Debug|Any CPU
		{26342625-B208-4C8E-BE8E-D3E5DBD6244F}.Debug|Any CPU.Build.0 = Debug|Any CPU
		{26342625-B208-4C8E-BE8E-D3E5DBD6244F}.Release|Any CPU.ActiveCfg = Release|Any CPU
		{26342625-B208-4C8E-BE8E-D3E5DBD6244F}.Release|Any CPU.Build.0 = Release|Any CPU
	EndGlobalSection
	GlobalSection(SolutionProperties) = preSolution
		HideSolutionNode = FALSE
	EndGlobalSection
	GlobalSection(ExtensibilityGlobals) = postSolution
		SolutionGuid = {2FE7449E-DB51-4166-9083-F57430C51A42}
	EndGlobalSection
EndGlobal
